# THIS IS AN AUTOGENERATED FILE. DO NOT EDIT THIS FILE DIRECTLY.
# yarn lockfile v1


"@types/node@^14.14.20":
  version "14.14.20"
  resolved "https://registry.npm.taobao.org/@types/node/download/@types/node-14.14.20.tgz#f7974863edd21d1f8a494a73e8e2b3658615c340"
  integrity sha1-95dIY+3SHR+KSUpz6OKzZYYVw0A=
